# This file is autogenerated, do not edit; changes may be undone by the next 'dep ensure'.


[[projects]]
  branch = "master"
  name = "github.com/microcosm-cc/bluemonday"
  packages = ["."]
  revision = "68fecaef60268522d2ac3f0123cec9d3bcab7b6e"

[[projects]]
  name = "github.com/russross/blackfriday"
  packages = ["."]
  revision = "cadec560ec52d93835bf2f15bd794700d3a2473b"
  version = "v2.0.0"

[[projects]]
  branch = "master"
  name = "github.com/shurcooL/sanitized_anchor_name"
  packages = ["."]
  revision = "86672fcb3f950f35f2e675df2240550f2a50762f"

[[projects]]
  branch = "master"
  name = "golang.org/x/net"
  packages = ["html","html/atom"]
  revision = "a337091b0525af65de94df2eb7e98bd9962dcbe2"

[solve-meta]
  analyzer-name = "dep"
  analyzer-version = 1
  inputs-digest = "501ddd966c3f040b4158a459f36eeda2818e57897613b965188a4f4b15579034"
  solver-name = "gps-cdcl"
  solver-version = 1
